// !$*UTF8*$!
{
	archiveVersion = 1;
	classes = {
	};
	objectVersion = 46;
	objects = {

/* Begin PBXBuildFile section */
		5F5F4BB51F54F932002D7A7A /* GuideMask.m in Sources */ = {isa = PBXBuildFile; fileRef = 5F5F4BB41F54F932002D7A7A /* GuideMask.m */; };
		5F5F4BBF1F5527CD002D7A7A /* tipImage0.png in Resources */ = {isa = PBXBuildFile; fileRef = 5F5F4BB71F5527CD002D7A7A /* tipImage0.png */; };
		5F5F4BC01F5527CD002D7A7A /* tipImage1.png in Resources */ = {isa = PBXBuildFile; fileRef = 5F5F4BB81F5527CD002D7A7A /* tipImage1.png */; };
		5F5F4BC11F5527CD002D7A7A /* tipImage2.png in Resources */ = {isa = PBXBuildFile; fileRef = 5F5F4BB91F5527CD002D7A7A /* tipImage2.png */; };
		5F5F4BC21F5527CD002D7A7A /* tipImage3.png in Resources */ = {isa = PBXBuildFile; fileRef = 5F5F4BBA1F5527CD002D7A7A /* tipImage3.png */; };
		5F5F4BC31F5527CD002D7A7A /* tipImage4.png in Resources */ = {isa = PBXBuildFile; fileRef = 5F5F4BBB1F5527CD002D7A7A /* tipImage4.png */; };
		5F5F4BC41F5527CD002D7A7A /* tipImage5.png in Resources */ = {isa = PBXBuildFile; fileRef = 5F5F4BBC1F5527CD002D7A7A /* tipImage5.png */; };
		5F5F4BC51F5527CD002D7A7A /* tipImage6.png in Resources */ = {isa = PBXBuildFile; fileRef = 5F5F4BBD1F5527CD002D7A7A /* tipImage6.png */; };
		5F5F4BC61F5527CD002D7A7A /* tipImage7.png in Resources */ = {isa = PBXBuildFile; fileRef = 5F5F4BBE1F5527CD002D7A7A /* tipImage7.png */; };
		5FAC5CB01F53AE58008745F4 /* main.m in Sources */ = {isa = PBXBuildFile; fileRef = 5FAC5CAF1F53AE58008745F4 /* main.m */; };
		5FAC5CB31F53AE58008745F4 /* AppDelegate.m in Sources */ = {isa = PBXBuildFile; fileRef = 5FAC5CB21F53AE58008745F4 /* AppDelegate.m */; };
		5FAC5CB61F53AE58008745F4 /* ViewController.m in Sources */ = {isa = PBXBuildFile; fileRef = 5FAC5CB51F53AE58008745F4 /* ViewController.m */; };
		5FAC5CBB1F53AE58008745F4 /* Assets.xcassets in Resources */ = {isa = PBXBuildFile; fileRef = 5FAC5CBA1F53AE58008745F4 /* Assets.xcassets */; };
/* End PBXBuildFile section */

/* Begin PBXFileReference section */
		5F5F4BB31F54F932002D7A7A /* GuideMask.h */ = {isa = PBXFileReference; fileEncoding = 4; lastKnownFileType = sourcecode.c.h; path = GuideMask.h; sourceTree = "<group>"; };
		5F5F4BB41F54F932002D7A7A /* GuideMask.m */ = {isa = PBXFileReference; fileEncoding = 4; lastKnownFileType = sourcecode.c.objc; path = GuideMask.m; sourceTree = "<group>"; };
		5F5F4BB71F5527CD002D7A7A /* tipImage0.png */ = {isa = PBXFileReference; lastKnownFileType = image.png; path = tipImage0.png; sourceTree = "<group>"; };
		5F5F4BB81F5527CD002D7A7A /* tipImage1.png */ = {isa = PBXFileReference; lastKnownFileType = image.png; path = tipImage1.png; sourceTree = "<group>"; };
		5F5F4BB91F5527CD002D7A7A /* tipImage2.png */ = {isa = PBXFileReference; lastKnownFileType = image.png; path = tipImage2.png; sourceTree = "<group>"; };
		5F5F4BBA1F5527CD002D7A7A /* tipImage3.png */ = {isa = PBXFileReference; lastKnownFileType = image.png; path = tipImage3.png; sourceTree = "<group>"; };
		5F5F4BBB1F5527CD002D7A7A /* tipImage4.png */ = {isa = PBXFileReference; lastKnownFileType = image.png; path = tipImage4.png; sourceTree = "<group>"; };
		5F5F4BBC1F5527CD002D7A7A /* tipImage5.png */ = {isa = PBXFileReference; lastKnownFileType = image.png; path = tipImage5.png; sourceTree = "<group>"; };
		5F5F4BBD1F5527CD002D7A7A /* tipImage6.png */ = {isa = PBXFileReference; lastKnownFileType = image.png; path = tipImage6.png; sourceTree = "<group>"; };
		5F5F4BBE1F5527CD002D7A7A /* tipImage7.png */ = {isa = PBXFileReference; lastKnownFileType = image.png; path = tipImage7.png; sourceTree = "<group>"; };
		5FAC5CAB1F53AE58008745F4 /* GuideMaskView.app */ = {isa = PBXFileReference; explicitFileType = wrapper.application; includeInIndex = 0; path = GuideMaskView.app; sourceTree = BUILT_PRODUCTS_DIR; };
		5FAC5CAF1F53AE58008745F4 /* main.m */ = {isa = PBXFileReference; lastKnownFileType = sourcecode.c.objc; path = main.m; sourceTree = "<group>"; };
		5FAC5CB11F53AE58008745F4 /* AppDelegate.h */ = {isa = PBXFileReference; lastKnownFileType = sourcecode.c.h; path = AppDelegate.h; sourceTree = "<group>"; };
		5FAC5CB21F53AE58008745F4 /* AppDelegate.m */ = {isa = PBXFileReference; lastKnownFileType = sourcecode.c.objc; path = AppDelegate.m; sourceTree = "<group>"; };
		5FAC5CB41F53AE58008745F4 /* ViewController.h */ = {isa = PBXFileReference; lastKnownFileType = sourcecode.c.h; path = ViewController.h; sourceTree = "<group>"; };
		5FAC5CB51F53AE58008745F4 /* ViewController.m */ = {isa = PBXFileReference; lastKnownFileType = sourcecode.c.objc; path = ViewController.m; sourceTree = "<group>"; };
		5FAC5CBA1F53AE58008745F4 /* Assets.xcassets */ = {isa = PBXFileReference; lastKnownFileType = folder.assetcatalog; path = Assets.xcassets; sourceTree = "<group>"; };
		5FAC5CBF1F53AE58008745F4 /* Info.plist */ = {isa = PBXFileReference; lastKnownFileType = text.plist.xml; path = Info.plist; sourceTree = "<group>"; };
/* End PBXFileReference section */

/* Begin PBXFrameworksBuildPhase section */
		5FAC5CA81F53AE58008745F4 /* Frameworks */ = {
			isa = PBXFrameworksBuildPhase;
			buildActionMask = 2147483647;
			files = (
			);
			runOnlyForDeploymentPostprocessing = 0;
		};
/* End PBXFrameworksBuildPhase section */

/* Begin PBXGroup section */
		5F5F4BB61F5527CD002D7A7A /* GuideImages */ = {
			isa = PBXGroup;
			children = (
				5F5F4BB71F5527CD002D7A7A /* tipImage0.png */,
				5F5F4BB81F5527CD002D7A7A /* tipImage1.png */,
				5F5F4BB91F5527CD002D7A7A /* tipImage2.png */,
				5F5F4BBA1F5527CD002D7A7A /* tipImage3.png */,
				5F5F4BBB1F5527CD002D7A7A /* tipImage4.png */,
				5F5F4BBC1F5527CD002D7A7A /* tipImage5.png */,
				5F5F4BBD1F5527CD002D7A7A /* tipImage6.png */,
				5F5F4BBE1F5527CD002D7A7A /* tipImage7.png */,
			);
			path = GuideImages;
			sourceTree = "<group>";
		};
		5FAC5CA21F53AE58008745F4 = {
			isa = PBXGroup;
			children = (
				5FAC5CAD1F53AE58008745F4 /* GuideMaskView */,
				5FAC5CAC1F53AE58008745F4 /* Products */,
			);
			sourceTree = "<group>";
		};
		5FAC5CAC1F53AE58008745F4 /* Products */ = {
			isa = PBXGroup;
			children = (
				5FAC5CAB1F53AE58008745F4 /* GuideMaskView.app */,
			);
			name = Products;
			sourceTree = "<group>";
		};
		5FAC5CAD1F53AE58008745F4 /* GuideMaskView */ = {
			isa = PBXGroup;
			children = (
				5FAC5CB11F53AE58008745F4 /* AppDelegate.h */,
				5FAC5CB21F53AE58008745F4 /* AppDelegate.m */,
				5FAC5CB41F53AE58008745F4 /* ViewController.h */,
				5FAC5CB51F53AE58008745F4 /* ViewController.m */,
				5F5F4BB31F54F932002D7A7A /* GuideMask.h */,
				5F5F4BB41F54F932002D7A7A /* GuideMask.m */,
				5FAC5CBA1F53AE58008745F4 /* Assets.xcassets */,
				5F5F4BB61F5527CD002D7A7A /* GuideImages */,
				5FAC5CBF1F53AE58008745F4 /* Info.plist */,
				5FAC5CAE1F53AE58008745F4 /* Supporting Files */,
			);
			path = GuideMaskView;
			sourceTree = "<group>";
		};
		5FAC5CAE1F53AE58008745F4 /* Supporting Files */ = {
			isa = PBXGroup;
			children = (
				5FAC5CAF1F53AE58008745F4 /* main.m */,
			);
			name = "Supporting Files";
			sourceTree = "<group>";
		};
/* End PBXGroup section */

/* Begin PBXNativeTarget section */
		5FAC5CAA1F53AE58008745F4 /* GuideMaskView */ = {
			isa = PBXNativeTarget;
			buildConfigurationList = 5FAC5CC21F53AE58008745F4 /* Build configuration list for PBXNativeTarget "GuideMaskView" */;
			buildPhases = (
				5FAC5CA71F53AE58008745F4 /* Sources */,
				5FAC5CA81F53AE58008745F4 /* Frameworks */,
				5FAC5CA91F53AE58008745F4 /* Resources */,
			);
			buildRules = (
			);
			dependencies = (
			);
			name = GuideMaskView;
			productName = GuideMaskView;
			productReference = 5FAC5CAB1F53AE58008745F4 /* GuideMaskView.app */;
			productType = "com.apple.product-type.application";
		};
/* End PBXNativeTarget section */

/* Begin PBXProject section */
		5FAC5CA31F53AE58008745F4 /* Project object */ = {
			isa = PBXProject;
			attributes = {
				LastUpgradeCheck = 0830;
				ORGANIZATIONNAME = PacteraLF;
				TargetAttributes = {
					5FAC5CAA1F53AE58008745F4 = {
						CreatedOnToolsVersion = 8.3.2;
						DevelopmentTeam = 4BX77JHQHH;
						ProvisioningStyle = Automatic;
					};
				};
			};
			buildConfigurationList = 5FAC5CA61F53AE58008745F4 /* Build configuration list for PBXProject "GuideMaskView" */;
			compatibilityVersion = "Xcode 3.2";
			developmentRegion = English;
			hasScannedForEncodings = 0;
			knownRegions = (
				en,
				Base,
			);
			mainGroup = 5FAC5CA21F53AE58008745F4;
			productRefGroup = 5FAC5CAC1F53AE58008745F4 /* Products */;
			projectDirPath = "";
			projectRoot = "";
			targets = (
				5FAC5CAA1F53AE58008745F4 /* GuideMaskView */,
			);
		};
/* End PBXProject section */

/* Begin PBXResourcesBuildPhase section */
		5FAC5CA91F53AE58008745F4 /* Resources */ = {
			isa = PBXResourcesBuildPhase;
			buildActionMask = 2147483647;
			files = (
				5F5F4BC21F5527CD002D7A7A /* tipImage3.png in Resources */,
				5F5F4BC61F5527CD002D7A7A /* tipImage7.png in Resources */,
				5F5F4BC41F5527CD002D7A7A /* tipImage5.png in Resources */,
				5F5F4BBF1F5527CD002D7A7A /* tipImage0.png in Resources */,
				5F5F4BC01F5527CD002D7A7A /* tipImage1.png in Resources */,
				5F5F4BC11F5527CD002D7A7A /* tipImage2.png in Resources */,
				5F5F4BC31F5527CD002D7A7A /* tipImage4.png in Resources */,
				5F5F4BC51F5527CD002D7A7A /* tipImage6.png in Resources */,
				5FAC5CBB1F53AE58008745F4 /* Assets.xcassets in Resources */,
			);
			runOnlyForDeploymentPostprocessing = 0;
		};
/* End PBXResourcesBuildPhase section */

/* Begin PBXSourcesBuildPhase section */
		5FAC5CA71F53AE58008745F4 /* Sources */ = {
			isa = PBXSourcesBuildPhase;
			buildActionMask = 2147483647;
			files = (
				5FAC5CB61F53AE58008745F4 /* ViewController.m in Sources */,
				5F5F4BB51F54F932002D7A7A /* GuideMask.m in Sources */,
				5FAC5CB31F53AE58008745F4 /* AppDelegate.m in Sources */,
				5FAC5CB01F53AE58008745F4 /* main.m in Sources */,
			);
			runOnlyForDeploymentPostprocessing = 0;
		};
/* End PBXSourcesBuildPhase section */

/* Begin XCBuildConfiguration section */
		5FAC5CC01F53AE58008745F4 /* Debug */ = {
			isa = XCBuildConfiguration;
			buildSettings = {
				ALWAYS_SEARCH_USER_PATHS = NO;
				CLANG_ANALYZER_NONNULL = YES;
				CLANG_ANALYZER_NUMBER_OBJECT_CONVERSION = YES_AGGRESSIVE;
				CLANG_CXX_LANGUAGE_STANDARD = "gnu++0x";
				CLANG_CXX_LIBRARY = "libc++";
				CLANG_ENABLE_MODULES = YES;
				CLANG_ENABLE_OBJC_ARC = YES;
				CLANG_WARN_BOOL_CONVERSION = YES;
				CLANG_WARN_CONSTANT_CONVERSION = YES;
				CLANG_WARN_DIRECT_OBJC_ISA_USAGE = YES_ERROR;
				CLANG_WARN_DOCUMENTATION_COMMENTS = YES;
				CLANG_WARN_EMPTY_BODY = YES;
				CLANG_WARN_ENUM_CONVERSION = YES;
				CLANG_WARN_INFINITE_RECURSION = YES;
				CLANG_WARN_INT_CONVERSION = YES;
				CLANG_WARN_OBJC_ROOT_CLASS = YES_ERROR;
				CLANG_WARN_SUSPICIOUS_MOVE = YES;
				CLANG_WARN_UNREACHABLE_CODE = YES;
				CLANG_WARN__DUPLICATE_METHOD_MATCH = YES;
				"CODE_SIGN_IDENTITY[sdk=iphoneos*]" = "iPhone Developer";
				COPY_PHASE_STRIP = NO;
				DEBUG_INFORMATION_FORMAT = dwarf;
				ENABLE_STRICT_OBJC_MSGSEND = YES;
				ENABLE_TESTABILITY = YES;
				GCC_C_LANGUAGE_STANDARD = gnu99;
				GCC_DYNAMIC_NO_PIC = NO;
				GCC_NO_COMMON_BLOCKS = YES;
				GCC_OPTIMIZATION_LEVEL = 0;
				GCC_PREPROCESSOR_DEFINITIONS = (
					"DEBUG=1",
					"$(inherited)",
				);
				GCC_WARN_64_TO_32_BIT_CONVERSION = YES;
				GCC_WARN_ABOUT_RETURN_TYPE = YES_ERROR;
				GCC_WARN_UNDECLARED_SELECTOR = YES;
				GCC_WARN_UNINITIALIZED_AUTOS = YES_AGGRESSIVE;
				GCC_WARN_UNUSED_FUNCTION = YES;
				GCC_WARN_UNUSED_VARIABLE = YES;
				IPHONEOS_DEPLOYMENT_TARGET = 10.3;
				MTL_ENABLE_DEBUG_INFO = YES;
				ONLY_ACTIVE_ARCH = YES;
				SDKROOT = iphoneos;
			};
			name = Debug;
		};
		5FAC5CC11F53AE58008745F4 /* Release */ = {
			isa = XCBuildConfiguration;
			buildSettings = {
				ALWAYS_SEARCH_USER_PATHS = NO;
				CLANG_ANALYZER_NONNULL = YES;
				CLANG_ANALYZER_NUMBER_OBJECT_CONVERSION = YES_AGGRESSIVE;
				CLANG_CXX_LANGUAGE_STANDARD = "gnu++0x";
				CLANG_CXX_LIBRARY = "libc++";
				CLANG_ENABLE_MODULES = YES;
				CLANG_ENABLE_OBJC_ARC = YES;
				CLANG_WARN_BOOL_CONVERSION = YES;
				CLANG_WARN_CONSTANT_CONVERSION = YES;
				CLANG_WARN_DIRECT_OBJC_ISA_USAGE = YES_ERROR;
				CLANG_WARN_DOCUMENTATION_COMMENTS = YES;
				CLANG_WARN_EMPTY_BODY = YES;
				CLANG_WARN_ENUM_CONVERSION = YES;
				CLANG_WARN_INFINITE_RECURSION = YES;
				CLANG_WARN_INT_CONVERSION = YES;
				CLANG_WARN_OBJC_ROOT_CLASS = YES_ERROR;
				CLANG_WARN_SUSPICIOUS_MOVE = YES;
				CLANG_WARN_UNREACHABLE_CODE = YES;
				CLANG_WARN__DUPLICATE_METHOD_MATCH = YES;
				"CODE_SIGN_IDENTITY[sdk=iphoneos*]" = "iPhone Developer";
				COPY_PHASE_STRIP = NO;
				DEBUG_INFORMATION_FORMAT = "dwarf-with-dsym";
				ENABLE_NS_ASSERTIONS = NO;
				ENABLE_STRICT_OBJC_MSGSEND = YES;
				GCC_C_LANGUAGE_STANDARD = gnu99;
				GCC_NO_COMMON_BLOCKS = YES;
				GCC_WARN_64_TO_32_BIT_CONVERSION = YES;
				GCC_WARN_ABOUT_RETURN_TYPE = YES_ERROR;
				GCC_WARN_UNDECLARED_SELECTOR = YES;
				GCC_WARN_UNINITIALIZED_AUTOS = YES_AGGRESSIVE;
				GCC_WARN_UNUSED_FUNCTION = YES;
				GCC_WARN_UNUSED_VARIABLE = YES;
				IPHONEOS_DEPLOYMENT_TARGET = 10.3;
				MTL_ENABLE_DEBUG_INFO = NO;
				SDKROOT = iphoneos;
				VALIDATE_PRODUCT = YES;
			};
			name = Release;
		};
		5FAC5CC31F53AE58008745F4 /* Debug */ = {
			isa = XCBuildConfiguration;
			buildSettings = {
				ASSETCATALOG_COMPILER_APPICON_NAME = AppIcon;
				ASSETCATALOG_COMPILER_LAUNCHIMAGE_NAME = LaunchImage;
				DEVELOPMENT_TEAM = 4BX77JHQHH;
				INFOPLIST_FILE = GuideMaskView/Info.plist;
				IPHONEOS_DEPLOYMENT_TARGET = 8.0;
				LD_RUNPATH_SEARCH_PATHS = "$(inherited) @executable_path/Frameworks";
				PRODUCT_BUNDLE_IDENTIFIER = com.lf.GuideMaskView;
				PRODUCT_NAME = "$(TARGET_NAME)";
			};
			name = Debug;
		};
		5FAC5CC41F53AE58008745F4 /* Release */ = {
			isa = XCBuildConfiguration;
			buildSettings = {
				ASSETCATALOG_COMPILER_APPICON_NAME = AppIcon;
				ASSETCATALOG_COMPILER_LAUNCHIMAGE_NAME = LaunchImage;
				DEVELOPMENT_TEAM = 4BX77JHQHH;
				INFOPLIST_FILE = GuideMaskView/Info.plist;
				IPHONEOS_DEPLOYMENT_TARGET = 8.0;
				LD_RUNPATH_SEARCH_PATHS = "$(inherited) @executable_path/Frameworks";
				PRODUCT_BUNDLE_IDENTIFIER = com.lf.GuideMaskView;
				PRODUCT_NAME = "$(TARGET_NAME)";
			};
			name = Release;
		};
/* End XCBuildConfiguration section */

/* Begin XCConfigurationList section */
		5FAC5CA61F53AE58008745F4 /* Build configuration list for PBXProject "GuideMaskView" */ = {
			isa = XCConfigurationList;
			buildConfigurations = (
				5FAC5CC01F53AE58008745F4 /* Debug */,
				5FAC5CC11F53AE58008745F4 /* Release */,
			);
			defaultConfigurationIsVisible = 0;
			defaultConfigurationName = Release;
		};
		5FAC5CC21F53AE58008745F4 /* Build configuration list for PBXNativeTarget "GuideMaskView" */ = {
			isa = XCConfigurationList;
			buildConfigurations = (
				5FAC5CC31F53AE58008745F4 /* Debug */,
				5FAC5CC41F53AE58008745F4 /* Release */,
			);
			defaultConfigurationIsVisible = 0;
			defaultConfigurationName = Release;
		};
/* End XCConfigurationList section */
	};
	rootObject = 5FAC5CA31F53AE58008745F4 /* Project object */;
}
